
Microsoft Visual Studio Solution File, Format Version 12.00
# Visual Studio Version 17
VisualStudioVersion = 17.5.002.0
MinimumVisualStudioVersion = 10.0.40219.1
Project("{9A19103F-16F7-4668-BE54-9A1E7A4F7556}") = "toDo-C#", "toDo-C#.csproj", "{E53341F1-ADC6-4923-AD88-E94BCFA829BB}"
EndProject
Global
	GlobalSection(SolutionConfigurationPlatforms) = preSolution
		Debug|Any CPU = Debug|Any CPU
		Release|Any CPU = Release|Any CPU
	EndGlobalSection
	GlobalSection(ProjectConfigurationPlatforms) = postSolution
		{E53341F1-ADC6-4923-AD88-E94BCFA829BB}.Debug|Any CPU.ActiveCfg = Debug|Any CPU
		{E53341F1-ADC6-4923-AD88-E94BCFA829BB}.Debug|Any CPU.Build.0 = Debug|Any CPU
		{E53341F1-ADC6-4923-AD88-E94BCFA829BB}.Release|Any CPU.ActiveCfg = Release|Any CPU
		{E53341F1-ADC6-4923-AD88-E94BCFA829BB}.Release|Any CPU.Build.0 = Release|Any CPU
	EndGlobalSection
	GlobalSection(SolutionProperties) = preSolution
		HideSolutionNode = FALSE
	EndGlobalSection
	GlobalSection(ExtensibilityGlobals) = postSolution
		SolutionGuid = {E540CD8D-5239-4981-9FAE-51D06737F449}
	EndGlobalSection
EndGlobal
